// !$*UTF8*$!
{
	archiveVersion = 1;
	classes = {
	};
	objectVersion = 56;
	objects = {

/* Begin PBXBuildFile section */
		A9F1E739292B9AA0007DA366 /* customcameraApp.swift in Sources */ = {isa = PBXBuildFile; fileRef = A9F1E738292B9AA0007DA366 /* customcameraApp.swift */; };
		A9F1E73B292B9AA0007DA366 /* ContentView.swift in Sources */ = {isa = PBXBuildFile; fileRef = A9F1E73A292B9AA0007DA366 /* ContentView.swift */; };
		A9F1E73D292B9AA1007DA366 /* Assets.xcassets in Resources */ = {isa = PBXBuildFile; fileRef = A9F1E73C292B9AA1007DA366 /* Assets.xcassets */; };
		A9F1E740292B9AA1007DA366 /* Preview Assets.xcassets in Resources */ = {isa = PBXBuildFile; fileRef = A9F1E73F292B9AA1007DA366 /* Preview Assets.xcassets */; };
		A9F1E74A292B9AA2007DA366 /* customcameraTests.swift in Sources */ = {isa = PBXBuildFile; fileRef = A9F1E749292B9AA2007DA366 /* customcameraTests.swift */; };
		A9F1E754292B9AA2007DA366 /* customcameraUITests.swift in Sources */ = {isa = PBXBuildFile; fileRef = A9F1E753292B9AA2007DA366 /* customcameraUITests.swift */; };
		A9F1E756292B9AA2007DA366 /* customcameraUITestsLaunchTests.swift in Sources */ = {isa = PBXBuildFile; fileRef = A9F1E755292B9AA2007DA366 /* customcameraUITestsLaunchTests.swift */; };
		A9F1E766292BC7E8007DA366 /* CameraBackModel.swift in Sources */ = {isa = PBXBuildFile; fileRef = A9F1E765292BC7E8007DA366 /* CameraBackModel.swift */; };
		A9F1E768292BC9C5007DA366 /* CameraFrontModel.swift in Sources */ = {isa = PBXBuildFile; fileRef = A9F1E767292BC9C5007DA366 /* CameraFrontModel.swift */; };
		A9F1E76B292BCAA2007DA366 /* CameraView.swift in Sources */ = {isa = PBXBuildFile; fileRef = A9F1E76A292BCAA2007DA366 /* CameraView.swift */; };
		A9F1E76D292BCAD6007DA366 /* CameraBackPreview.swift in Sources */ = {isa = PBXBuildFile; fileRef = A9F1E76C292BCAD6007DA366 /* CameraBackPreview.swift */; };
		A9F1E76F292BCB68007DA366 /* CameraFrontPreview.swift in Sources */ = {isa = PBXBuildFile; fileRef = A9F1E76E292BCB68007DA366 /* CameraFrontPreview.swift */; };
		A9F1E772292C4555007DA366 /* ThumbnailModel.swift in Sources */ = {isa = PBXBuildFile; fileRef = A9F1E771292C4555007DA366 /* ThumbnailModel.swift */; };
		A9F1E778292D09F5007DA366 /* ThumbnailView.swift in Sources */ = {isa = PBXBuildFile; fileRef = A9F1E777292D09F5007DA366 /* ThumbnailView.swift */; };
		A9F1E77C292E24D2007DA366 /* PhotoView.swift in Sources */ = {isa = PBXBuildFile; fileRef = A9F1E77B292E24D2007DA366 /* PhotoView.swift */; };
/* End PBXBuildFile section */

/* Begin PBXContainerItemProxy section */
		A9F1E746292B9AA2007DA366 /* PBXContainerItemProxy */ = {
			isa = PBXContainerItemProxy;
			containerPortal = A9F1E72D292B9AA0007DA366 /* Project object */;
			proxyType = 1;
			remoteGlobalIDString = A9F1E734292B9AA0007DA366;
			remoteInfo = customcamera;
		};
		A9F1E750292B9AA2007DA366 /* PBXContainerItemProxy */ = {
			isa = PBXContainerItemProxy;
			containerPortal = A9F1E72D292B9AA0007DA366 /* Project object */;
			proxyType = 1;
			remoteGlobalIDString = A9F1E734292B9AA0007DA366;
			remoteInfo = customcamera;
		};
/* End PBXContainerItemProxy section */

/* Begin PBXFileReference section */
		A9F1E735292B9AA0007DA366 /* customcamera.app */ = {isa = PBXFileReference; explicitFileType = wrapper.application; includeInIndex = 0; path = customcamera.app; sourceTree = BUILT_PRODUCTS_DIR; };
		A9F1E738292B9AA0007DA366 /* customcameraApp.swift */ = {isa = PBXFileReference; lastKnownFileType = sourcecode.swift; path = customcameraApp.swift; sourceTree = "<group>"; };
		A9F1E73A292B9AA0007DA366 /* ContentView.swift */ = {isa = PBXFileReference; lastKnownFileType = sourcecode.swift; path = ContentView.swift; sourceTree = "<group>"; };
		A9F1E73C292B9AA1007DA366 /* Assets.xcassets */ = {isa = PBXFileReference; lastKnownFileType = folder.assetcatalog; path = Assets.xcassets; sourceTree = "<group>"; };
		A9F1E73F292B9AA1007DA366 /* Preview Assets.xcassets */ = {isa = PBXFileReference; lastKnownFileType = folder.assetcatalog; path = "Preview Assets.xcassets"; sourceTree = "<group>"; };
		A9F1E745292B9AA2007DA366 /* customcameraTests.xctest */ = {isa = PBXFileReference; explicitFileType = wrapper.cfbundle; includeInIndex = 0; path = customcameraTests.xctest; sourceTree = BUILT_PRODUCTS_DIR; };
		A9F1E749292B9AA2007DA366 /* customcameraTests.swift */ = {isa = PBXFileReference; lastKnownFileType = sourcecode.swift; path = customcameraTests.swift; sourceTree = "<group>"; };
		A9F1E74F292B9AA2007DA366 /* customcameraUITests.xctest */ = {isa = PBXFileReference; explicitFileType = wrapper.cfbundle; includeInIndex = 0; path = customcameraUITests.xctest; sourceTree = BUILT_PRODUCTS_DIR; };
		A9F1E753292B9AA2007DA366 /* customcameraUITests.swift */ = {isa = PBXFileReference; lastKnownFileType = sourcecode.swift; path = customcameraUITests.swift; sourceTree = "<group>"; };
		A9F1E755292B9AA2007DA366 /* customcameraUITestsLaunchTests.swift */ = {isa = PBXFileReference; lastKnownFileType = sourcecode.swift; path = customcameraUITestsLaunchTests.swift; sourceTree = "<group>"; };
		A9F1E765292BC7E8007DA366 /* CameraBackModel.swift */ = {isa = PBXFileReference; lastKnownFileType = sourcecode.swift; path = CameraBackModel.swift; sourceTree = "<group>"; };
		A9F1E767292BC9C5007DA366 /* CameraFrontModel.swift */ = {isa = PBXFileReference; lastKnownFileType = sourcecode.swift; path = CameraFrontModel.swift; sourceTree = "<group>"; };
		A9F1E76A292BCAA2007DA366 /* CameraView.swift */ = {isa = PBXFileReference; lastKnownFileType = sourcecode.swift; path = CameraView.swift; sourceTree = "<group>"; };
		A9F1E76C292BCAD6007DA366 /* CameraBackPreview.swift */ = {isa = PBXFileReference; lastKnownFileType = sourcecode.swift; path = CameraBackPreview.swift; sourceTree = "<group>"; };
		A9F1E76E292BCB68007DA366 /* CameraFrontPreview.swift */ = {isa = PBXFileReference; lastKnownFileType = sourcecode.swift; path = CameraFrontPreview.swift; sourceTree = "<group>"; };
		A9F1E771292C4555007DA366 /* ThumbnailModel.swift */ = {isa = PBXFileReference; lastKnownFileType = sourcecode.swift; path = ThumbnailModel.swift; sourceTree = "<group>"; };
		A9F1E777292D09F5007DA366 /* ThumbnailView.swift */ = {isa = PBXFileReference; lastKnownFileType = sourcecode.swift; path = ThumbnailView.swift; sourceTree = "<group>"; };
		A9F1E77B292E24D2007DA366 /* PhotoView.swift */ = {isa = PBXFileReference; lastKnownFileType = sourcecode.swift; path = PhotoView.swift; sourceTree = "<group>"; };
/* End PBXFileReference section */

/* Begin PBXFrameworksBuildPhase section */
		A9F1E732292B9AA0007DA366 /* Frameworks */ = {
			isa = PBXFrameworksBuildPhase;
			buildActionMask = 2147483647;
			files = (
			);
			runOnlyForDeploymentPostprocessing = 0;
		};
		A9F1E742292B9AA2007DA366 /* Frameworks */ = {
			isa = PBXFrameworksBuildPhase;
			buildActionMask = 2147483647;
			files = (
			);
			runOnlyForDeploymentPostprocessing = 0;
		};
		A9F1E74C292B9AA2007DA366 /* Frameworks */ = {
			isa = PBXFrameworksBuildPhase;
			buildActionMask = 2147483647;
			files = (
			);
			runOnlyForDeploymentPostprocessing = 0;
		};
/* End PBXFrameworksBuildPhase section */

/* Begin PBXGroup section */
		A9F1E72C292B9AA0007DA366 = {
			isa = PBXGroup;
			children = (
				A9F1E737292B9AA0007DA366 /* customcamera */,
				A9F1E748292B9AA2007DA366 /* customcameraTests */,
				A9F1E752292B9AA2007DA366 /* customcameraUITests */,
				A9F1E736292B9AA0007DA366 /* Products */,
			);
			sourceTree = "<group>";
		};
		A9F1E736292B9AA0007DA366 /* Products */ = {
			isa = PBXGroup;
			children = (
				A9F1E735292B9AA0007DA366 /* customcamera.app */,
				A9F1E745292B9AA2007DA366 /* customcameraTests.xctest */,
				A9F1E74F292B9AA2007DA366 /* customcameraUITests.xctest */,
			);
			name = Products;
			sourceTree = "<group>";
		};
		A9F1E737292B9AA0007DA366 /* customcamera */ = {
			isa = PBXGroup;
			children = (
				A9F1E738292B9AA0007DA366 /* customcameraApp.swift */,
				A9F1E769292BCA86007DA366 /* Views */,
				A9F1E770292C4533007DA366 /* Models */,
				A9F1E73A292B9AA0007DA366 /* ContentView.swift */,
				A9F1E73C292B9AA1007DA366 /* Assets.xcassets */,
				A9F1E73E292B9AA1007DA366 /* Preview Content */,
			);
			path = customcamera;
			sourceTree = "<group>";
		};
		A9F1E73E292B9AA1007DA366 /* Preview Content */ = {
			isa = PBXGroup;
			children = (
				A9F1E73F292B9AA1007DA366 /* Preview Assets.xcassets */,
			);
			path = "Preview Content";
			sourceTree = "<group>";
		};
		A9F1E748292B9AA2007DA366 /* customcameraTests */ = {
			isa = PBXGroup;
			children = (
				A9F1E749292B9AA2007DA366 /* customcameraTests.swift */,
			);
			path = customcameraTests;
			sourceTree = "<group>";
		};
		A9F1E752292B9AA2007DA366 /* customcameraUITests */ = {
			isa = PBXGroup;
			children = (
				A9F1E753292B9AA2007DA366 /* customcameraUITests.swift */,
				A9F1E755292B9AA2007DA366 /* customcameraUITestsLaunchTests.swift */,
			);
			path = customcameraUITests;
			sourceTree = "<group>";
		};
		A9F1E764292BC7B8007DA366 /* CameraModels */ = {
			isa = PBXGroup;
			children = (
				A9F1E765292BC7E8007DA366 /* CameraBackModel.swift */,
				A9F1E767292BC9C5007DA366 /* CameraFrontModel.swift */,
			);
			path = CameraModels;
			sourceTree = "<group>";
		};
		A9F1E769292BCA86007DA366 /* Views */ = {
			isa = PBXGroup;
			children = (
				A9F1E76A292BCAA2007DA366 /* CameraView.swift */,
				A9F1E76C292BCAD6007DA366 /* CameraBackPreview.swift */,
				A9F1E76E292BCB68007DA366 /* CameraFrontPreview.swift */,
				A9F1E777292D09F5007DA366 /* ThumbnailView.swift */,
				A9F1E77B292E24D2007DA366 /* PhotoView.swift */,
			);
			path = Views;
			sourceTree = "<group>";
		};
		A9F1E770292C4533007DA366 /* Models */ = {
			isa = PBXGroup;
			children = (
				A9F1E764292BC7B8007DA366 /* CameraModels */,
				A9F1E771292C4555007DA366 /* ThumbnailModel.swift */,
			);
			path = Models;
			sourceTree = "<group>";
		};
/* End PBXGroup section */

/* Begin PBXNativeTarget section */
		A9F1E734292B9AA0007DA366 /* customcamera */ = {
			isa = PBXNativeTarget;
			buildConfigurationList = A9F1E759292B9AA2007DA366 /* Build configuration list for PBXNativeTarget "customcamera" */;
			buildPhases = (
				A9F1E731292B9AA0007DA366 /* Sources */,
				A9F1E732292B9AA0007DA366 /* Frameworks */,
				A9F1E733292B9AA0007DA366 /* Resources */,
			);
			buildRules = (
			);
			dependencies = (
			);
			name = customcamera;
			productName = customcamera;
			productReference = A9F1E735292B9AA0007DA366 /* customcamera.app */;
			productType = "com.apple.product-type.application";
		};
		A9F1E744292B9AA2007DA366 /* customcameraTests */ = {
			isa = PBXNativeTarget;
			buildConfigurationList = A9F1E75C292B9AA2007DA366 /* Build configuration list for PBXNativeTarget "customcameraTests" */;
			buildPhases = (
				A9F1E741292B9AA2007DA366 /* Sources */,
				A9F1E742292B9AA2007DA366 /* Frameworks */,
				A9F1E743292B9AA2007DA366 /* Resources */,
			);
			buildRules = (
			);
			dependencies = (
				A9F1E747292B9AA2007DA366 /* PBXTargetDependency */,
			);
			name = customcameraTests;
			productName = customcameraTests;
			productReference = A9F1E745292B9AA2007DA366 /* customcameraTests.xctest */;
			productType = "com.apple.product-type.bundle.unit-test";
		};
		A9F1E74E292B9AA2007DA366 /* customcameraUITests */ = {
			isa = PBXNativeTarget;
			buildConfigurationList = A9F1E75F292B9AA2007DA366 /* Build configuration list for PBXNativeTarget "customcameraUITests" */;
			buildPhases = (
				A9F1E74B292B9AA2007DA366 /* Sources */,
				A9F1E74C292B9AA2007DA366 /* Frameworks */,
				A9F1E74D292B9AA2007DA366 /* Resources */,
			);
			buildRules = (
			);
			dependencies = (
				A9F1E751292B9AA2007DA366 /* PBXTargetDependency */,
			);
			name = customcameraUITests;
			productName = customcameraUITests;
			productReference = A9F1E74F292B9AA2007DA366 /* customcameraUITests.xctest */;
			productType = "com.apple.product-type.bundle.ui-testing";
		};
/* End PBXNativeTarget section */

/* Begin PBXProject section */
		A9F1E72D292B9AA0007DA366 /* Project object */ = {
			isa = PBXProject;
			attributes = {
				BuildIndependentTargetsInParallel = 1;
				LastSwiftUpdateCheck = 1410;
				LastUpgradeCheck = 1410;
				TargetAttributes = {
					A9F1E734292B9AA0007DA366 = {
						CreatedOnToolsVersion = 14.1;
					};
					A9F1E744292B9AA2007DA366 = {
						CreatedOnToolsVersion = 14.1;
						TestTargetID = A9F1E734292B9AA0007DA366;
					};
					A9F1E74E292B9AA2007DA366 = {
						CreatedOnToolsVersion = 14.1;
						TestTargetID = A9F1E734292B9AA0007DA366;
					};
				};
			};
			buildConfigurationList = A9F1E730292B9AA0007DA366 /* Build configuration list for PBXProject "customcamera" */;
			compatibilityVersion = "Xcode 14.0";
			developmentRegion = en;
			hasScannedForEncodings = 0;
			knownRegions = (
				en,
				Base,
			);
			mainGroup = A9F1E72C292B9AA0007DA366;
			productRefGroup = A9F1E736292B9AA0007DA366 /* Products */;
			projectDirPath = "";
			projectRoot = "";
			targets = (
				A9F1E734292B9AA0007DA366 /* customcamera */,
				A9F1E744292B9AA2007DA366 /* customcameraTests */,
				A9F1E74E292B9AA2007DA366 /* customcameraUITests */,
			);
		};
/* End PBXProject section */

/* Begin PBXResourcesBuildPhase section */
		A9F1E733292B9AA0007DA366 /* Resources */ = {
			isa = PBXResourcesBuildPhase;
			buildActionMask = 2147483647;
			files = (
				A9F1E740292B9AA1007DA366 /* Preview Assets.xcassets in Resources */,
				A9F1E73D292B9AA1007DA366 /* Assets.xcassets in Resources */,
			);
			runOnlyForDeploymentPostprocessing = 0;
		};
		A9F1E743292B9AA2007DA366 /* Resources */ = {
			isa = PBXResourcesBuildPhase;
			buildActionMask = 2147483647;
			files = (
			);
			runOnlyForDeploymentPostprocessing = 0;
		};
		A9F1E74D292B9AA2007DA366 /* Resources */ = {
			isa = PBXResourcesBuildPhase;
			buildActionMask = 2147483647;
			files = (
			);
			runOnlyForDeploymentPostprocessing = 0;
		};
/* End PBXResourcesBuildPhase section */

/* Begin PBXSourcesBuildPhase section */
		A9F1E731292B9AA0007DA366 /* Sources */ = {
			isa = PBXSourcesBuildPhase;
			buildActionMask = 2147483647;
			files = (
				A9F1E768292BC9C5007DA366 /* CameraFrontModel.swift in Sources */,
				A9F1E766292BC7E8007DA366 /* CameraBackModel.swift in Sources */,
				A9F1E76D292BCAD6007DA366 /* CameraBackPreview.swift in Sources */,
				A9F1E778292D09F5007DA366 /* ThumbnailView.swift in Sources */,
				A9F1E73B292B9AA0007DA366 /* ContentView.swift in Sources */,
				A9F1E77C292E24D2007DA366 /* PhotoView.swift in Sources */,
				A9F1E772292C4555007DA366 /* ThumbnailModel.swift in Sources */,
				A9F1E76F292BCB68007DA366 /* CameraFrontPreview.swift in Sources */,
				A9F1E76B292BCAA2007DA366 /* CameraView.swift in Sources */,
				A9F1E739292B9AA0007DA366 /* customcameraApp.swift in Sources */,
			);
			runOnlyForDeploymentPostprocessing = 0;
		};
		A9F1E741292B9AA2007DA366 /* Sources */ = {
			isa = PBXSourcesBuildPhase;
			buildActionMask = 2147483647;
			files = (
				A9F1E74A292B9AA2007DA366 /* customcameraTests.swift in Sources */,
			);
			runOnlyForDeploymentPostprocessing = 0;
		};
		A9F1E74B292B9AA2007DA366 /* Sources */ = {
			isa = PBXSourcesBuildPhase;
			buildActionMask = 2147483647;
			files = (
				A9F1E756292B9AA2007DA366 /* customcameraUITestsLaunchTests.swift in Sources */,
				A9F1E754292B9AA2007DA366 /* customcameraUITests.swift in Sources */,
			);
			runOnlyForDeploymentPostprocessing = 0;
		};
/* End PBXSourcesBuildPhase section */

/* Begin PBXTargetDependency section */
		A9F1E747292B9AA2007DA366 /* PBXTargetDependency */ = {
			isa = PBXTargetDependency;
			target = A9F1E734292B9AA0007DA366 /* customcamera */;
			targetProxy = A9F1E746292B9AA2007DA366 /* PBXContainerItemProxy */;
		};
		A9F1E751292B9AA2007DA366 /* PBXTargetDependency */ = {
			isa = PBXTargetDependency;
			target = A9F1E734292B9AA0007DA366 /* customcamera */;
			targetProxy = A9F1E750292B9AA2007DA366 /* PBXContainerItemProxy */;
		};
/* End PBXTargetDependency section */

/* Begin XCBuildConfiguration section */
		A9F1E757292B9AA2007DA366 /* Debug */ = {
			isa = XCBuildConfiguration;
			buildSettings = {
				ALWAYS_SEARCH_USER_PATHS = NO;
				CLANG_ANALYZER_NONNULL = YES;
				CLANG_ANALYZER_NUMBER_OBJECT_CONVERSION = YES_AGGRESSIVE;
				CLANG_CXX_LANGUAGE_STANDARD = "gnu++20";
				CLANG_ENABLE_MODULES = YES;
				CLANG_ENABLE_OBJC_ARC = YES;
				CLANG_ENABLE_OBJC_WEAK = YES;
				CLANG_WARN_BLOCK_CAPTURE_AUTORELEASING = YES;
				CLANG_WARN_BOOL_CONVERSION = YES;
				CLANG_WARN_COMMA = YES;
				CLANG_WARN_CONSTANT_CONVERSION = YES;
				CLANG_WARN_DEPRECATED_OBJC_IMPLEMENTATIONS = YES;
				CLANG_WARN_DIRECT_OBJC_ISA_USAGE = YES_ERROR;
				CLANG_WARN_DOCUMENTATION_COMMENTS = YES;
				CLANG_WARN_EMPTY_BODY = YES;
				CLANG_WARN_ENUM_CONVERSION = YES;
				CLANG_WARN_INFINITE_RECURSION = YES;
				CLANG_WARN_INT_CONVERSION = YES;
				CLANG_WARN_NON_LITERAL_NULL_CONVERSION = YES;
				CLANG_WARN_OBJC_IMPLICIT_RETAIN_SELF = YES;
				CLANG_WARN_OBJC_LITERAL_CONVERSION = YES;
				CLANG_WARN_OBJC_ROOT_CLASS = YES_ERROR;
				CLANG_WARN_QUOTED_INCLUDE_IN_FRAMEWORK_HEADER = YES;
				CLANG_WARN_RANGE_LOOP_ANALYSIS = YES;
				CLANG_WARN_STRICT_PROTOTYPES = YES;
				CLANG_WARN_SUSPICIOUS_MOVE = YES;
				CLANG_WARN_UNGUARDED_AVAILABILITY = YES_AGGRESSIVE;
				CLANG_WARN_UNREACHABLE_CODE = YES;
				CLANG_WARN__DUPLICATE_METHOD_MATCH = YES;
				COPY_PHASE_STRIP = NO;
				DEBUG_INFORMATION_FORMAT = dwarf;
				ENABLE_STRICT_OBJC_MSGSEND = YES;
				ENABLE_TESTABILITY = YES;
				GCC_C_LANGUAGE_STANDARD = gnu11;
				GCC_DYNAMIC_NO_PIC = NO;
				GCC_NO_COMMON_BLOCKS = YES;
				GCC_OPTIMIZATION_LEVEL = 0;
				GCC_PREPROCESSOR_DEFINITIONS = (
					"DEBUG=1",
					"$(inherited)",
				);
				GCC_WARN_64_TO_32_BIT_CONVERSION = YES;
				GCC_WARN_ABOUT_RETURN_TYPE = YES_ERROR;
				GCC_WARN_UNDECLARED_SELECTOR = YES;
				GCC_WARN_UNINITIALIZED_AUTOS = YES_AGGRESSIVE;
				GCC_WARN_UNUSED_FUNCTION = YES;
				GCC_WARN_UNUSED_VARIABLE = YES;
				IPHONEOS_DEPLOYMENT_TARGET = 16.1;
				MTL_ENABLE_DEBUG_INFO = INCLUDE_SOURCE;
				MTL_FAST_MATH = YES;
				ONLY_ACTIVE_ARCH = YES;
				SDKROOT = iphoneos;
				SWIFT_ACTIVE_COMPILATION_CONDITIONS = DEBUG;
				SWIFT_OPTIMIZATION_LEVEL = "-Onone";
			};
			name = Debug;
		};
		A9F1E758292B9AA2007DA366 /* Release */ = {
			isa = XCBuildConfiguration;
			buildSettings = {
				ALWAYS_SEARCH_USER_PATHS = NO;
				CLANG_ANALYZER_NONNULL = YES;
				CLANG_ANALYZER_NUMBER_OBJECT_CONVERSION = YES_AGGRESSIVE;
				CLANG_CXX_LANGUAGE_STANDARD = "gnu++20";
				CLANG_ENABLE_MODULES = YES;
				CLANG_ENABLE_OBJC_ARC = YES;
				CLANG_ENABLE_OBJC_WEAK = YES;
				CLANG_WARN_BLOCK_CAPTURE_AUTORELEASING = YES;
				CLANG_WARN_BOOL_CONVERSION = YES;
				CLANG_WARN_COMMA = YES;
				CLANG_WARN_CONSTANT_CONVERSION = YES;
				CLANG_WARN_DEPRECATED_OBJC_IMPLEMENTATIONS = YES;
				CLANG_WARN_DIRECT_OBJC_ISA_USAGE = YES_ERROR;
				CLANG_WARN_DOCUMENTATION_COMMENTS = YES;
				CLANG_WARN_EMPTY_BODY = YES;
				CLANG_WARN_ENUM_CONVERSION = YES;
				CLANG_WARN_INFINITE_RECURSION = YES;
				CLANG_WARN_INT_CONVERSION = YES;
				CLANG_WARN_NON_LITERAL_NULL_CONVERSION = YES;
				CLANG_WARN_OBJC_IMPLICIT_RETAIN_SELF = YES;
				CLANG_WARN_OBJC_LITERAL_CONVERSION = YES;
				CLANG_WARN_OBJC_ROOT_CLASS = YES_ERROR;
				CLANG_WARN_QUOTED_INCLUDE_IN_FRAMEWORK_HEADER = YES;
				CLANG_WARN_RANGE_LOOP_ANALYSIS = YES;
				CLANG_WARN_STRICT_PROTOTYPES = YES;
				CLANG_WARN_SUSPICIOUS_MOVE = YES;
				CLANG_WARN_UNGUARDED_AVAILABILITY = YES_AGGRESSIVE;
				CLANG_WARN_UNREACHABLE_CODE = YES;
				CLANG_WARN__DUPLICATE_METHOD_MATCH = YES;
				COPY_PHASE_STRIP = NO;
				DEBUG_INFORMATION_FORMAT = "dwarf-with-dsym";
				ENABLE_NS_ASSERTIONS = NO;
				ENABLE_STRICT_OBJC_MSGSEND = YES;
				GCC_C_LANGUAGE_STANDARD = gnu11;
				GCC_NO_COMMON_BLOCKS = YES;
				GCC_WARN_64_TO_32_BIT_CONVERSION = YES;
				GCC_WARN_ABOUT_RETURN_TYPE = YES_ERROR;
				GCC_WARN_UNDECLARED_SELECTOR = YES;
				GCC_WARN_UNINITIALIZED_AUTOS = YES_AGGRESSIVE;
				GCC_WARN_UNUSED_FUNCTION = YES;
				GCC_WARN_UNUSED_VARIABLE = YES;
				IPHONEOS_DEPLOYMENT_TARGET = 16.1;
				MTL_ENABLE_DEBUG_INFO = NO;
				MTL_FAST_MATH = YES;
				SDKROOT = iphoneos;
				SWIFT_COMPILATION_MODE = wholemodule;
				SWIFT_OPTIMIZATION_LEVEL = "-O";
				VALIDATE_PRODUCT = YES;
			};
			name = Release;
		};
		A9F1E75A292B9AA2007DA366 /* Debug */ = {
			isa = XCBuildConfiguration;
			buildSettings = {
				ASSETCATALOG_COMPILER_APPICON_NAME = AppIcon;
				ASSETCATALOG_COMPILER_GLOBAL_ACCENT_COLOR_NAME = AccentColor;
				CODE_SIGN_STYLE = Automatic;
				CURRENT_PROJECT_VERSION = 1;
				DEVELOPMENT_ASSET_PATHS = "\"customcamera/Preview Content\"";
				DEVELOPMENT_TEAM = 2983DH4K56;
				ENABLE_PREVIEWS = YES;
				GENERATE_INFOPLIST_FILE = YES;
				INFOPLIST_KEY_NSCameraUsageDescription = "accessing your camera";
				INFOPLIST_KEY_NSFileProviderDomainUsageDescription = test;
				INFOPLIST_KEY_NSPhotoLibraryUsageDescription = "saving in the gallery";
				INFOPLIST_KEY_UIApplicationSceneManifest_Generation = YES;
				INFOPLIST_KEY_UIApplicationSupportsIndirectInputEvents = YES;
				INFOPLIST_KEY_UILaunchScreen_Generation = YES;
				INFOPLIST_KEY_UISupportedInterfaceOrientations_iPad = "UIInterfaceOrientationPortrait UIInterfaceOrientationPortraitUpsideDown UIInterfaceOrientationLandscapeLeft UIInterfaceOrientationLandscapeRight";
				INFOPLIST_KEY_UISupportedInterfaceOrientations_iPhone = "UIInterfaceOrientationPortrait UIInterfaceOrientationLandscapeLeft UIInterfaceOrientationLandscapeRight";
				IPHONEOS_DEPLOYMENT_TARGET = 15.0;
				LD_RUNPATH_SEARCH_PATHS = (
					"$(inherited)",
					"@executable_path/Frameworks",
				);
				MARKETING_VERSION = 1.0;
				PRODUCT_BUNDLE_IDENTIFIER = cameraedit.customcamera;
				PRODUCT_NAME = "$(TARGET_NAME)";
				SWIFT_EMIT_LOC_STRINGS = YES;
				SWIFT_VERSION = 5.0;
				TARGETED_DEVICE_FAMILY = "1,2";
			};
			name = Debug;
		};
		A9F1E75B292B9AA2007DA366 /* Release */ = {
			isa = XCBuildConfiguration;
			buildSettings = {
				ASSETCATALOG_COMPILER_APPICON_NAME = AppIcon;
				ASSETCATALOG_COMPILER_GLOBAL_ACCENT_COLOR_NAME = AccentColor;
				CODE_SIGN_STYLE = Automatic;
				CURRENT_PROJECT_VERSION = 1;
				DEVELOPMENT_ASSET_PATHS = "\"customcamera/Preview Content\"";
				DEVELOPMENT_TEAM = 2983DH4K56;
				ENABLE_PREVIEWS = YES;
				GENERATE_INFOPLIST_FILE = YES;
				INFOPLIST_KEY_NSCameraUsageDescription = "accessing your camera";
				INFOPLIST_KEY_NSFileProviderDomainUsageDescription = test;
				INFOPLIST_KEY_NSPhotoLibraryUsageDescription = "saving in the gallery";
				INFOPLIST_KEY_UIApplicationSceneManifest_Generation = YES;
				INFOPLIST_KEY_UIApplicationSupportsIndirectInputEvents = YES;
				INFOPLIST_KEY_UILaunchScreen_Generation = YES;
				INFOPLIST_KEY_UISupportedInterfaceOrientations_iPad = "UIInterfaceOrientationPortrait UIInterfaceOrientationPortraitUpsideDown UIInterfaceOrientationLandscapeLeft UIInterfaceOrientationLandscapeRight";
				INFOPLIST_KEY_UISupportedInterfaceOrientations_iPhone = "UIInterfaceOrientationPortrait UIInterfaceOrientationLandscapeLeft UIInterfaceOrientationLandscapeRight";
				IPHONEOS_DEPLOYMENT_TARGET = 15.0;
				LD_RUNPATH_SEARCH_PATHS = (
					"$(inherited)",
					"@executable_path/Frameworks",
				);
				MARKETING_VERSION = 1.0;
				PRODUCT_BUNDLE_IDENTIFIER = cameraedit.customcamera;
				PRODUCT_NAME = "$(TARGET_NAME)";
				SWIFT_EMIT_LOC_STRINGS = YES;
				SWIFT_VERSION = 5.0;
				TARGETED_DEVICE_FAMILY = "1,2";
			};
			name = Release;
		};
		A9F1E75D292B9AA2007DA366 /* Debug */ = {
			isa = XCBuildConfiguration;
			buildSettings = {
				ALWAYS_EMBED_SWIFT_STANDARD_LIBRARIES = YES;
				BUNDLE_LOADER = "$(TEST_HOST)";
				CODE_SIGN_STYLE = Automatic;
				CURRENT_PROJECT_VERSION = 1;
				DEVELOPMENT_TEAM = 2983DH4K56;
				GENERATE_INFOPLIST_FILE = YES;
				IPHONEOS_DEPLOYMENT_TARGET = 16.1;
				MARKETING_VERSION = 1.0;
				PRODUCT_BUNDLE_IDENTIFIER = cameraedit.customcameraTests;
				PRODUCT_NAME = "$(TARGET_NAME)";
				SWIFT_EMIT_LOC_STRINGS = NO;
				SWIFT_VERSION = 5.0;
				TARGETED_DEVICE_FAMILY = "1,2";
				TEST_HOST = "$(BUILT_PRODUCTS_DIR)/customcamera.app/$(BUNDLE_EXECUTABLE_FOLDER_PATH)/customcamera";
			};
			name = Debug;
		};
		A9F1E75E292B9AA2007DA366 /* Release */ = {
			isa = XCBuildConfiguration;
			buildSettings = {
				ALWAYS_EMBED_SWIFT_STANDARD_LIBRARIES = YES;
				BUNDLE_LOADER = "$(TEST_HOST)";
				CODE_SIGN_STYLE = Automatic;
				CURRENT_PROJECT_VERSION = 1;
				DEVELOPMENT_TEAM = 2983DH4K56;
				GENERATE_INFOPLIST_FILE = YES;
				IPHONEOS_DEPLOYMENT_TARGET = 16.1;
				MARKETING_VERSION = 1.0;
				PRODUCT_BUNDLE_IDENTIFIER = cameraedit.customcameraTests;
				PRODUCT_NAME = "$(TARGET_NAME)";
				SWIFT_EMIT_LOC_STRINGS = NO;
				SWIFT_VERSION = 5.0;
				TARGETED_DEVICE_FAMILY = "1,2";
				TEST_HOST = "$(BUILT_PRODUCTS_DIR)/customcamera.app/$(BUNDLE_EXECUTABLE_FOLDER_PATH)/customcamera";
			};
			name = Release;
		};
		A9F1E760292B9AA2007DA366 /* Debug */ = {
			isa = XCBuildConfiguration;
			buildSettings = {
				ALWAYS_EMBED_SWIFT_STANDARD_LIBRARIES = YES;
				CODE_SIGN_STYLE = Automatic;
				CURRENT_PROJECT_VERSION = 1;
				DEVELOPMENT_TEAM = 2983DH4K56;
				GENERATE_INFOPLIST_FILE = YES;
				MARKETING_VERSION = 1.0;
				PRODUCT_BUNDLE_IDENTIFIER = cameraedit.customcameraUITests;
				PRODUCT_NAME = "$(TARGET_NAME)";
				SWIFT_EMIT_LOC_STRINGS = NO;
				SWIFT_VERSION = 5.0;
				TARGETED_DEVICE_FAMILY = "1,2";
				TEST_TARGET_NAME = customcamera;
			};
			name = Debug;
		};
		A9F1E761292B9AA2007DA366 /* Release */ = {
			isa = XCBuildConfiguration;
			buildSettings = {
				ALWAYS_EMBED_SWIFT_STANDARD_LIBRARIES = YES;
				CODE_SIGN_STYLE = Automatic;
				CURRENT_PROJECT_VERSION = 1;
				DEVELOPMENT_TEAM = 2983DH4K56;
				GENERATE_INFOPLIST_FILE = YES;
				MARKETING_VERSION = 1.0;
				PRODUCT_BUNDLE_IDENTIFIER = cameraedit.customcameraUITests;
				PRODUCT_NAME = "$(TARGET_NAME)";
				SWIFT_EMIT_LOC_STRINGS = NO;
				SWIFT_VERSION = 5.0;
				TARGETED_DEVICE_FAMILY = "1,2";
				TEST_TARGET_NAME = customcamera;
			};
			name = Release;
		};
/* End XCBuildConfiguration section */

/* Begin XCConfigurationList section */
		A9F1E730292B9AA0007DA366 /* Build configuration list for PBXProject "customcamera" */ = {
			isa = XCConfigurationList;
			buildConfigurations = (
				A9F1E757292B9AA2007DA366 /* Debug */,
				A9F1E758292B9AA2007DA366 /* Release */,
			);
			defaultConfigurationIsVisible = 0;
			defaultConfigurationName = Release;
		};
		A9F1E759292B9AA2007DA366 /* Build configuration list for PBXNativeTarget "customcamera" */ = {
			isa = XCConfigurationList;
			buildConfigurations = (
				A9F1E75A292B9AA2007DA366 /* Debug */,
				A9F1E75B292B9AA2007DA366 /* Release */,
			);
			defaultConfigurationIsVisible = 0;
			defaultConfigurationName = Release;
		};
		A9F1E75C292B9AA2007DA366 /* Build configuration list for PBXNativeTarget "customcameraTests" */ = {
			isa = XCConfigurationList;
			buildConfigurations = (
				A9F1E75D292B9AA2007DA366 /* Debug */,
				A9F1E75E292B9AA2007DA366 /* Release */,
			);
			defaultConfigurationIsVisible = 0;
			defaultConfigurationName = Release;
		};
		A9F1E75F292B9AA2007DA366 /* Build configuration list for PBXNativeTarget "customcameraUITests" */ = {
			isa = XCConfigurationList;
			buildConfigurations = (
				A9F1E760292B9AA2007DA366 /* Debug */,
				A9F1E761292B9AA2007DA366 /* Release */,
			);
			defaultConfigurationIsVisible = 0;
			defaultConfigurationName = Release;
		};
/* End XCConfigurationList section */
	};
	rootObject = A9F1E72D292B9AA0007DA366 /* Project object */;
}
